github.com/wowchemy/wowchemy-hugo-modules v0.29.0 h1:tmZeM85lHRB8U0L6xT5bLFgq6p84CqmjM4FMRK1B1jg=
github.com/wowchemy/wowchemy-hugo-modules v4.8.0+incompatible h1:bWdYezLML3TZq5H0Rot4Urwl6HBl1uok5xIDOTqcWC8=
github.com/wowchemy/wowchemy-hugo-modules/v5 v5.3.0 h1:lGfJL+IslLK+LbUivHVFO+P9/Op4mK4zb3SlKiORKGk=
github.com/wowchemy/wowchemy-hugo-modules/v5 v5.3.0/go.mod h1:akNBhhT0UAOXSREplKkLe2wyHeo51qm6f+vqNkQkcmE=
github.com/wowchemy/wowchemy-hugo-modules/wowchemy v0.0.0-20201213184117-a0b9887f37fb h1:deUZQs7pFGfVwFhQnKelKq5tpdD32ccXH8gDwxZTQtE=
github.com/wowchemy/wowchemy-hugo-modules/wowchemy v0.0.0-20201213184117-a0b9887f37fb/go.mod h1:H22qfH9qj3FWwsk7+bAZpmT24yRGNQURah2/IRwjbn8=
github.com/wowchemy/wowchemy-hugo-modules/wowchemy v0.0.0-20201219153248-769d5f0ad194 h1:DtZZjwDgtjWUYHn11hC5jE6ysgBGRTAQX/c00T9c55Q=
github.com/wowchemy/wowchemy-hugo-modules/wowchemy v0.0.0-20201219153248-769d5f0ad194/go.mod h1:H22qfH9qj3FWwsk7+bAZpmT24yRGNQURah2/IRwjbn8=
github.com/wowchemy/wowchemy-hugo-modules/wowchemy v0.0.0-20201224144527-9cce661db8d7 h1:pM9Tu7n9bipuVddgpfR7X3CCzvjKV6uhzCtZ7khg3pU=
github.com/wowchemy/wowchemy-hugo-modules/wowchemy v0.0.0-20201224144527-9cce661db8d7/go.mod h1:H22qfH9qj3FWwsk7+bAZpmT24yRGNQURah2/IRwjbn8=
github.com/wowchemy/wowchemy-hugo-modules/wowchemy v0.0.0-20210105225557-fe24b613d566 h1:3uAwb40jx8yIhxvFcTfQXk9cSOgpG0kzczM+KU9sSw4=
github.com/wowchemy/wowchemy-hugo-modules/wowchemy v0.0.0-20210105225557-fe24b613d566/go.mod h1:H22qfH9qj3FWwsk7+bAZpmT24yRGNQURah2/IRwjbn8=
github.com/wowchemy/wowchemy-hugo-modules/wowchemy v0.0.0-20210114210141-273405e59be6 h1:O1l0Iv9GlvyHfKDc9FivBJO4aDXaTS5hKesa2Zoo+hY=
github.com/wowchemy/wowchemy-hugo-modules/wowchemy v0.0.0-20210114210141-273405e59be6/go.mod h1:H22qfH9qj3FWwsk7+bAZpmT24yRGNQURah2/IRwjbn8=
github.com/wowchemy/wowchemy-hugo-modules/wowchemy v0.0.0-20210116234944-9f5c626c8f9f h1:KrTCYnakV17GchUUgPZVAo6bLjy68WJTynSg87H6xpk=
github.com/wowchemy/wowchemy-hugo-modules/wowchemy v0.0.0-20210116234944-9f5c626c8f9f/go.mod h1:H22qfH9qj3FWwsk7+bAZpmT24yRGNQURah2/IRwjbn8=
github.com/wowchemy/wowchemy-hugo-modules/wowchemy v0.0.0-20210126214637-64b7d5189bb3 h1:fl7/z41Hzo7JF9HuE7FfExig9AtfpNkyUAdsXX07R2g=
github.com/wowchemy/wowchemy-hugo-modules/wowchemy v0.0.0-20210126214637-64b7d5189bb3/go.mod h1:H22qfH9qj3FWwsk7+bAZpmT24yRGNQURah2/IRwjbn8=
github.com/wowchemy/wowchemy-hugo-modules/wowchemy v0.0.0-20210131152309-1dae5a2300f9 h1:cFdcyxxzvuAvv5eBhg3x6mhvu9MyV/for7yR59wBUhM=
github.com/wowchemy/wowchemy-hugo-modules/wowchemy v0.0.0-20210131152309-1dae5a2300f9/go.mod h1:H22qfH9qj3FWwsk7+bAZpmT24yRGNQURah2/IRwjbn8=
github.com/wowchemy/wowchemy-hugo-modules/wowchemy v0.0.0-20210205224825-50d3d41e9e1a h1:BxOQUKnIoXDmsexnifhDJlw/xnCxojOYt2vpv2u9IfA=
github.com/wowchemy/wowchemy-hugo-modules/wowchemy v0.0.0-20210205224825-50d3d41e9e1a/go.mod h1:H22qfH9qj3FWwsk7+bAZpmT24yRGNQURah2/IRwjbn8=
github.com/wowchemy/wowchemy-hugo-modules/wowchemy v0.0.0-20210226164504-3952bfc85cee h1:fzgNvnmzCL2gjkMPme48DVakKsRw/iWKJIRgXyYI/bg=
github.com/wowchemy/wowchemy-hugo-modules/wowchemy v0.0.0-20210226164504-3952bfc85cee/go.mod h1:H22qfH9qj3FWwsk7+bAZpmT24yRGNQURah2/IRwjbn8=
github.com/wowchemy/wowchemy-hugo-modules/wowchemy v0.0.0-20210324194200-fda9f39d872e h1:pjf3ttOUrGyqXqFE5HD4zROl5nVD7X06ejz5TwLuwtk=
github.com/wowchemy/wowchemy-hugo-modules/wowchemy v0.0.0-20210324194200-fda9f39d872e/go.mod h1:H22qfH9qj3FWwsk7+bAZpmT24yRGNQURah2/IRwjbn8=
github.com/wowchemy/wowchemy-hugo-modules/wowchemy v0.0.0-20210418194315-e9cec2d3e993 h1:9LxExeICmhQtDbYL3qTIRg3u5M9/cp7Ke1PZuFVdXPQ=
github.com/wowchemy/wowchemy-hugo-modules/wowchemy v0.0.0-20210418194315-e9cec2d3e993/go.mod h1:H22qfH9qj3FWwsk7+bAZpmT24yRGNQURah2/IRwjbn8=
github.com/wowchemy/wowchemy-hugo-modules/wowchemy v0.0.0-20210501191334-2d9c18ecf0ef h1:EH6w6oOUAUVL5iSR7dGWXLCXG8ngfCavY5hjX5VSxGE=
github.com/wowchemy/wowchemy-hugo-modules/wowchemy v0.0.0-20210501191334-2d9c18ecf0ef/go.mod h1:H22qfH9qj3FWwsk7+bAZpmT24yRGNQURah2/IRwjbn8=
github.com/wowchemy/wowchemy-hugo-modules/wowchemy v0.0.0-20210601183557-01a25ecaecdd h1:pTWkXn8NTP8DrDNJfMcIv//GE0eBcKLDZW/LxLPZFgY=
github.com/wowchemy/wowchemy-hugo-modules/wowchemy v0.0.0-20210601183557-01a25ecaecdd/go.mod h1:H22qfH9qj3FWwsk7+bAZpmT24yRGNQURah2/IRwjbn8=
github.com/wowchemy/wowchemy-hugo-modules/wowchemy v0.0.0-20210613133202-27b491678438 h1:c7GNWncN+UtvN77QJE0YnQurJeFMRWIhM7YsfevflCg=
github.com/wowchemy/wowchemy-hugo-modules/wowchemy v0.0.0-20210613133202-27b491678438/go.mod h1:H22qfH9qj3FWwsk7+bAZpmT24yRGNQURah2/IRwjbn8=
github.com/wowchemy/wowchemy-hugo-modules/wowchemy v0.0.0-20210622185534-c5bc30be99c5 h1:cwLYORGx1+rLZYO0HsX1MRBg4IKMZpXlw5V7xKt4ZQw=
github.com/wowchemy/wowchemy-hugo-modules/wowchemy v0.0.0-20210622185534-c5bc30be99c5/go.mod h1:H22qfH9qj3FWwsk7+bAZpmT24yRGNQURah2/IRwjbn8=
github.com/wowchemy/wowchemy-hugo-modules/wowchemy-cms/v5 v5.0.0-20210629192904-559885af86b7/go.mod h1:Sp/AKo+2HAPi/IPHp1MEdKPmee+mzO5+efUBUPLPqPE=
github.com/wowchemy/wowchemy-hugo-modules/wowchemy-cms/v5 v5.0.0-20210709232023-42d1cf0063b9 h1:6o2uUvZrt4/ICb/aAG7WRg8xn9dYHqKcns2k/scnqLs=
github.com/wowchemy/wowchemy-hugo-modules/wowchemy-cms/v5 v5.0.0-20210709232023-42d1cf0063b9/go.mod h1:Sp/AKo+2HAPi/IPHp1MEdKPmee+mzO5+efUBUPLPqPE=
github.com/wowchemy/wowchemy-hugo-modules/wowchemy-cms/v5 v5.0.0-20210725202142-0a8115627804 h1:yE6hUygU5kHuF39wCfglfvB329cvXb7qPkqOQRVysNk=
github.com/wowchemy/wowchemy-hugo-modules/wowchemy-cms/v5 v5.0.0-20210725202142-0a8115627804/go.mod h1:Sp/AKo+2HAPi/IPHp1MEdKPmee+mzO5+efUBUPLPqPE=
github.com/wowchemy/wowchemy-hugo-modules/wowchemy-cms/v5 v5.0.0-20211025220623-c43d078def74 h1:bIRju4/x5QHBDUEFQVLg7Oxpq4HjK+T2t04LXFYvPzE=
github.com/wowchemy/wowchemy-hugo-modules/wowchemy-cms/v5 v5.0.0-20211025220623-c43d078def74/go.mod h1:Sp/AKo+2HAPi/IPHp1MEdKPmee+mzO5+efUBUPLPqPE=
github.com/wowchemy/wowchemy-hugo-modules/wowchemy-cms/v5 v5.0.0-20211223211901-f7a91f5217bb h1:jWHebdV7uOa1wJaRirdsN40wykltD3zonvsq6qwPPLA=
github.com/wowchemy/wowchemy-hugo-modules/wowchemy-cms/v5 v5.0.0-20211223211901-f7a91f5217bb/go.mod h1:Sp/AKo+2HAPi/IPHp1MEdKPmee+mzO5+efUBUPLPqPE=
github.com/wowchemy/wowchemy-hugo-modules/wowchemy-cms/v5 v5.0.0-20220322212951-5a882fab11ac h1:eeCy4UIGXK06V63iqxHmGN/wL8l8HdX93RMOIj5Ahbg=
github.com/wowchemy/wowchemy-hugo-modules/wowchemy-cms/v5 v5.0.0-20220322212951-5a882fab11ac/go.mod h1:Sp/AKo+2HAPi/IPHp1MEdKPmee+mzO5+efUBUPLPqPE=
github.com/wowchemy/wowchemy-hugo-modules/wowchemy-cms/v5 v5.0.0-20220417143727-b026701dd6fa h1:SHC2LS9VZSpmTkgdDv7VAtbXB3KX6NbmIItUxuQkQ8Q=
github.com/wowchemy/wowchemy-hugo-modules/wowchemy-cms/v5 v5.0.0-20220417143727-b026701dd6fa/go.mod h1:Sp/AKo+2HAPi/IPHp1MEdKPmee+mzO5+efUBUPLPqPE=
github.com/wowchemy/wowchemy-hugo-modules/wowchemy-cms/v5 v5.0.0-20220608104852-b18d867d887d h1:zHd8zfZz8T6wfaeubYDrfAeDU+7U6HnKL1dRDo8tgew=
github.com/wowchemy/wowchemy-hugo-modules/wowchemy-cms/v5 v5.0.0-20220608104852-b18d867d887d/go.mod h1:Sp/AKo+2HAPi/IPHp1MEdKPmee+mzO5+efUBUPLPqPE=
github.com/wowchemy/wowchemy-hugo-modules/wowchemy/v5 v5.0.0-20210629192904-559885af86b7/go.mod h1:2iL9rdrUYyJXX2BeHKfK+QbqZlubCsaR60nQ87NRQTY=
github.com/wowchemy/wowchemy-hugo-modules/wowchemy/v5 v5.0.0-20210709232023-42d1cf0063b9 h1:e3yWRSD9Sb/szOw/8GrmMEDqU0FmXY3GKQA5GUitAnI=
github.com/wowchemy/wowchemy-hugo-modules/wowchemy/v5 v5.0.0-20210709232023-42d1cf0063b9/go.mod h1:2iL9rdrUYyJXX2BeHKfK+QbqZlubCsaR60nQ87NRQTY=
github.com/wowchemy/wowchemy-hugo-modules/wowchemy/v5 v5.0.0-20210725202142-0a8115627804 h1:l7imLsd0ZCE6Mm3/TebR7BlNxftmfODU8CMJA/IupBc=
github.com/wowchemy/wowchemy-hugo-modules/wowchemy/v5 v5.0.0-20210725202142-0a8115627804/go.mod h1:2iL9rdrUYyJXX2BeHKfK+QbqZlubCsaR60nQ87NRQTY=
github.com/wowchemy/wowchemy-hugo-modules/wowchemy/v5 v5.0.0-20211025220623-c43d078def74 h1:AdypXkDWqtjcKIymhY5/emqpgp0+vMt8V7HN/WjMZIg=
github.com/wowchemy/wowchemy-hugo-modules/wowchemy/v5 v5.0.0-20211025220623-c43d078def74/go.mod h1:2iL9rdrUYyJXX2BeHKfK+QbqZlubCsaR60nQ87NRQTY=
github.com/wowchemy/wowchemy-hugo-modules/wowchemy/v5 v5.0.0-20211223211901-f7a91f5217bb h1:WMRGBLvQSB6iG7Dos3GKgf9Qp+mQ1pJpdDVcoPXsy/A=
github.com/wowchemy/wowchemy-hugo-modules/wowchemy/v5 v5.0.0-20211223211901-f7a91f5217bb/go.mod h1:2iL9rdrUYyJXX2BeHKfK+QbqZlubCsaR60nQ87NRQTY=
github.com/wowchemy/wowchemy-hugo-modules/wowchemy/v5 v5.0.0-20220322212951-5a882fab11ac h1:X8k7cQ5/8dja9eockVo+tIqbcZkh3YtE5uEDzlzXvtA=
github.com/wowchemy/wowchemy-hugo-modules/wowchemy/v5 v5.0.0-20220322212951-5a882fab11ac/go.mod h1:2iL9rdrUYyJXX2BeHKfK+QbqZlubCsaR60nQ87NRQTY=
github.com/wowchemy/wowchemy-hugo-modules/wowchemy/v5 v5.0.0-20220417143727-b026701dd6fa h1:Th/egKcLf3P7ZNO+LO5v29cM4r2rxXb4JPk9IJVHLDE=
github.com/wowchemy/wowchemy-hugo-modules/wowchemy/v5 v5.0.0-20220417143727-b026701dd6fa/go.mod h1:2iL9rdrUYyJXX2BeHKfK+QbqZlubCsaR60nQ87NRQTY=
github.com/wowchemy/wowchemy-hugo-modules/wowchemy/v5 v5.0.0-20220608104852-b18d867d887d h1:EghghFsHI/+ULzCCXlo211nI12+9/Jfnk7CLcpkCWF0=
github.com/wowchemy/wowchemy-hugo-modules/wowchemy/v5 v5.0.0-20220608104852-b18d867d887d/go.mod h1:2iL9rdrUYyJXX2BeHKfK+QbqZlubCsaR60nQ87NRQTY=
